{
  "name": "editable-profile",
  "version": "0.0.0",
  "dependencies": {
    "@angular/animations": {
      "version": "4.3.6",
      "from": "@angular/animations@>=4.3.1 <5.0.0",
      "resolved": "https://registry.npmjs.org/@angular/animations/-/animations-4.3.6.tgz"
    },
    "@angular/common": {
      "version": "4.3.6",
      "from": "@angular/common@>=4.3.1 <5.0.0",
      "resolved": "https://registry.npmjs.org/@angular/common/-/common-4.3.6.tgz"
    },
    "@angular/compiler": {
      "version": "4.3.6",
      "from": "@angular/compiler@>=4.3.1 <5.0.0",
      "resolved": "https://registry.npmjs.org/@angular/compiler/-/compiler-4.3.6.tgz"
    },
    "@angular/core": {
      "version": "4.3.6",
      "from": "@angular/core@>=4.3.1 <5.0.0",
      "resolved": "https://registry.npmjs.org/@angular/core/-/core-4.3.6.tgz"
    },
    "@angular/forms": {
      "version": "4.3.6",
      "from": "@angular/forms@>=4.3.1 <5.0.0",
      "resolved": "https://registry.npmjs.org/@angular/forms/-/forms-4.3.6.tgz"
    },
    "@angular/http": {
      "version": "4.3.6",
      "from": "@angular/http@>=4.3.1 <5.0.0",
      "resolved": "https://registry.npmjs.org/@angular/http/-/http-4.3.6.tgz"
    },
    "@angular/platform-browser": {
      "version": "4.3.6",
      "from": "@angular/platform-browser@>=4.3.1 <5.0.0",
      "resolved": "https://registry.npmjs.org/@angular/platform-browser/-/platform-browser-4.3.6.tgz"
    },
    "@angular/platform-browser-dynamic": {
      "version": "4.3.6",
      "from": "@angular/platform-browser-dynamic@>=4.3.1 <5.0.0",
      "resolved": "https://registry.npmjs.org/@angular/platform-browser-dynamic/-/platform-browser-dynamic-4.3.6.tgz"
    },
    "@angular/router": {
      "version": "4.3.6",
      "from": "@angular/router@>=4.3.1 <5.0.0",
      "resolved": "https://registry.npmjs.org/@angular/router/-/router-4.3.6.tgz"
    },
    "@ng-bootstrap/ng-bootstrap": {
      "version": "1.0.0-beta.3",
      "from": "@ng-bootstrap/ng-bootstrap@>=1.0.0-alpha.26 <2.0.0",
      "resolved": "https://registry.npmjs.org/@ng-bootstrap/ng-bootstrap/-/ng-bootstrap-1.0.0-beta.3.tgz"
    },
    "async": {
      "version": "2.6.1",
      "from": "async@>=2.1.2 <3.0.0",
      "resolved": "https://registry.npmjs.org/async/-/async-2.6.1.tgz"
    },
    "big.js": {
      "version": "3.2.0",
      "from": "big.js@>=3.1.3 <4.0.0",
      "resolved": "https://registry.npmjs.org/big.js/-/big.js-3.2.0.tgz"
    },
    "chart.js": {
      "version": "2.6.0",
      "from": "chart.js@>=2.6.0 <3.0.0",
      "resolved": "https://registry.npmjs.org/chart.js/-/chart.js-2.6.0.tgz"
    },
    "chartjs-color": {
      "version": "2.2.0",
      "from": "chartjs-color@>=2.1.0 <3.0.0",
      "resolved": "https://registry.npmjs.org/chartjs-color/-/chartjs-color-2.2.0.tgz"
    },
    "chartjs-color-string": {
      "version": "0.5.0",
      "from": "chartjs-color-string@>=0.5.0 <0.6.0",
      "resolved": "https://registry.npmjs.org/chartjs-color-string/-/chartjs-color-string-0.5.0.tgz"
    },
    "clone-deep": {
      "version": "2.0.2",
      "from": "clone-deep@>=2.0.1 <3.0.0",
      "resolved": "https://registry.npmjs.org/clone-deep/-/clone-deep-2.0.2.tgz"
    },
    "color-convert": {
      "version": "0.5.3",
      "from": "color-convert@>=0.5.3 <0.6.0",
      "resolved": "https://registry.npmjs.org/color-convert/-/color-convert-0.5.3.tgz"
    },
    "color-name": {
      "version": "1.1.3",
      "from": "color-name@>=1.0.0 <2.0.0",
      "resolved": "https://registry.npmjs.org/color-name/-/color-name-1.1.3.tgz"
    },
    "core-js": {
      "version": "2.5.1",
      "from": "core-js@>=2.4.1 <3.0.0",
      "resolved": "https://registry.npmjs.org/core-js/-/core-js-2.5.1.tgz"
    },
    "emojis-list": {
      "version": "2.1.0",
      "from": "emojis-list@>=2.0.0 <3.0.0",
      "resolved": "https://registry.npmjs.org/emojis-list/-/emojis-list-2.1.0.tgz"
    },
    "font-awesome": {
      "version": "4.7.0",
      "from": "font-awesome@>=4.7.0 <5.0.0",
      "resolved": "https://registry.npmjs.org/font-awesome/-/font-awesome-4.7.0.tgz"
    },
    "for-in": {
      "version": "1.0.2",
      "from": "for-in@>=1.0.1 <2.0.0",
      "resolved": "https://registry.npmjs.org/for-in/-/for-in-1.0.2.tgz"
    },
    "for-own": {
      "version": "1.0.0",
      "from": "for-own@>=1.0.0 <2.0.0",
      "resolved": "https://registry.npmjs.org/for-own/-/for-own-1.0.0.tgz"
    },
    "is-buffer": {
      "version": "1.1.6",
      "from": "is-buffer@>=1.1.5 <2.0.0",
      "resolved": "https://registry.npmjs.org/is-buffer/-/is-buffer-1.1.6.tgz"
    },
    "is-extendable": {
      "version": "0.1.1",
      "from": "is-extendable@>=0.1.1 <0.2.0",
      "resolved": "https://registry.npmjs.org/is-extendable/-/is-extendable-0.1.1.tgz"
    },
    "is-plain-object": {
      "version": "2.0.4",
      "from": "is-plain-object@>=2.0.4 <3.0.0",
      "resolved": "https://registry.npmjs.org/is-plain-object/-/is-plain-object-2.0.4.tgz"
    },
    "isobject": {
      "version": "3.0.1",
      "from": "isobject@>=3.0.1 <4.0.0",
      "resolved": "https://registry.npmjs.org/isobject/-/isobject-3.0.1.tgz"
    },
    "json5": {
      "version": "0.5.1",
      "from": "json5@>=0.5.0 <0.6.0",
      "resolved": "https://registry.npmjs.org/json5/-/json5-0.5.1.tgz"
    },
    "kind-of": {
      "version": "6.0.2",
      "from": "kind-of@>=6.0.0 <7.0.0",
      "resolved": "https://registry.npmjs.org/kind-of/-/kind-of-6.0.2.tgz"
    },
    "lazy-cache": {
      "version": "1.0.4",
      "from": "lazy-cache@>=1.0.3 <2.0.0",
      "resolved": "https://registry.npmjs.org/lazy-cache/-/lazy-cache-1.0.4.tgz"
    },
    "loader-utils": {
      "version": "1.1.0",
      "from": "loader-utils@>=1.0.2 <2.0.0",
      "resolved": "https://registry.npmjs.org/loader-utils/-/loader-utils-1.1.0.tgz"
    },
    "lodash": {
      "version": "4.17.10",
      "from": "lodash@>=4.17.10 <5.0.0",
      "resolved": "https://registry.npmjs.org/lodash/-/lodash-4.17.10.tgz"
    },
    "lodash.tail": {
      "version": "4.1.1",
      "from": "lodash.tail@>=4.1.1 <5.0.0",
      "resolved": "https://registry.npmjs.org/lodash.tail/-/lodash.tail-4.1.1.tgz"
    },
    "mixin-object": {
      "version": "2.0.1",
      "from": "mixin-object@>=2.0.1 <3.0.0",
      "resolved": "https://registry.npmjs.org/mixin-object/-/mixin-object-2.0.1.tgz",
      "dependencies": {
        "for-in": {
          "version": "0.1.8",
          "from": "for-in@>=0.1.3 <0.2.0",
          "resolved": "https://registry.npmjs.org/for-in/-/for-in-0.1.8.tgz"
        }
      }
    },
    "moment": {
      "version": "2.22.2",
      "from": "moment@>=2.10.6 <3.0.0",
      "resolved": "https://registry.npmjs.org/moment/-/moment-2.22.2.tgz"
    },
    "pify": {
      "version": "3.0.0",
      "from": "pify@>=3.0.0 <4.0.0",
      "resolved": "https://registry.npmjs.org/pify/-/pify-3.0.0.tgz"
    },
    "rxjs": {
      "version": "5.4.3",
      "from": "rxjs@>=5.1.0 <6.0.0",
      "resolved": "https://registry.npmjs.org/rxjs/-/rxjs-5.4.3.tgz"
    },
    "sass-loader": {
      "version": "6.0.6",
      "from": "sass-loader@>=6.0.3 <7.0.0",
      "resolved": "https://registry.npmjs.org/sass-loader/-/sass-loader-6.0.6.tgz",
      "dependencies": {
        "clone-deep": {
          "version": "0.3.0",
          "from": "clone-deep@>=0.3.0 <0.4.0",
          "resolved": "https://registry.npmjs.org/clone-deep/-/clone-deep-0.3.0.tgz"
        },
        "kind-of": {
          "version": "3.2.2",
          "from": "kind-of@>=3.2.2 <4.0.0",
          "resolved": "https://registry.npmjs.org/kind-of/-/kind-of-3.2.2.tgz"
        },
        "lazy-cache": {
          "version": "0.2.7",
          "from": "lazy-cache@>=0.2.3 <0.3.0",
          "resolved": "https://registry.npmjs.org/lazy-cache/-/lazy-cache-0.2.7.tgz"
        },
        "pify": {
          "version": "3.0.0",
          "from": "pify@>=3.0.0 <4.0.0",
          "resolved": "https://registry.npmjs.org/pify/-/pify-3.0.0.tgz"
        },
        "shallow-clone": {
          "version": "0.1.2",
          "from": "shallow-clone@>=0.1.2 <0.2.0",
          "resolved": "https://registry.npmjs.org/shallow-clone/-/shallow-clone-0.1.2.tgz",
          "dependencies": {
            "kind-of": {
              "version": "2.0.1",
              "from": "kind-of@>=2.0.1 <3.0.0",
              "resolved": "https://registry.npmjs.org/kind-of/-/kind-of-2.0.1.tgz"
            }
          }
        }
      }
    },
    "shallow-clone": {
      "version": "1.0.0",
      "from": "shallow-clone@>=1.0.0 <2.0.0",
      "resolved": "https://registry.npmjs.org/shallow-clone/-/shallow-clone-1.0.0.tgz",
      "dependencies": {
        "kind-of": {
          "version": "5.1.0",
          "from": "kind-of@>=5.0.0 <6.0.0",
          "resolved": "https://registry.npmjs.org/kind-of/-/kind-of-5.1.0.tgz"
        }
      }
    },
    "symbol-observable": {
      "version": "1.0.4",
      "from": "symbol-observable@>=1.0.1 <2.0.0",
      "resolved": "https://registry.npmjs.org/symbol-observable/-/symbol-observable-1.0.4.tgz"
    },
    "tslib": {
      "version": "1.7.1",
      "from": "tslib@>=1.7.1 <2.0.0",
      "resolved": "https://registry.npmjs.org/tslib/-/tslib-1.7.1.tgz"
    },
    "zone.js": {
      "version": "0.8.17",
      "from": "zone.js@>=0.8.4 <0.9.0",
      "resolved": "https://registry.npmjs.org/zone.js/-/zone.js-0.8.17.tgz"
    }
  }
}
